Microsoft Visual Studio Solution File, Format Version 11.00
# Visual Studio 2008

Project("{7160D49A-CA25-3B2F-0A20-A1D8398B3A37}") = "The Neutral", "Assembly-CSharp.csproj", "{17817702-D3AC-A32A-42E6-307CC728EF1C}"
EndProject
Project("{7160D49A-CA25-3B2F-0A20-A1D8398B3A37}") = "The Neutral", "Assembly-CSharp-Editor.csproj", "{1DF8972E-1613-02F5-BEDB-E55E80F6BB2C}"
EndProject
Project("{7160D49A-CA25-3B2F-0A20-A1D8398B3A37}") = "The Neutral", "Assembly-UnityScript.unityproj", "{07BBAD5A-5DD5-9BC5-F356-A50085E5D6F4}"
EndProject
Global
	GlobalSection(SolutionConfigurationPlatforms) = preSolution
		Debug|Any CPU = Debug|Any CPU
		Release|Any CPU = Release|Any CPU
	EndGlobalSection
	GlobalSection(ProjectConfigurationPlatforms) = postSolution
		{17817702-D3AC-A32A-42E6-307CC728EF1C}.Debug|Any CPU.ActiveCfg = Debug|Any CPU
		{17817702-D3AC-A32A-42E6-307CC728EF1C}.Debug|Any CPU.Build.0 = Debug|Any CPU
		{17817702-D3AC-A32A-42E6-307CC728EF1C}.Release|Any CPU.ActiveCfg = Release|Any CPU
		{17817702-D3AC-A32A-42E6-307CC728EF1C}.Release|Any CPU.Build.0 = Release|Any CPU
		{1DF8972E-1613-02F5-BEDB-E55E80F6BB2C}.Debug|Any CPU.ActiveCfg = Debug|Any CPU
		{1DF8972E-1613-02F5-BEDB-E55E80F6BB2C}.Debug|Any CPU.Build.0 = Debug|Any CPU
		{1DF8972E-1613-02F5-BEDB-E55E80F6BB2C}.Release|Any CPU.ActiveCfg = Release|Any CPU
		{1DF8972E-1613-02F5-BEDB-E55E80F6BB2C}.Release|Any CPU.Build.0 = Release|Any CPU
		{07BBAD5A-5DD5-9BC5-F356-A50085E5D6F4}.Debug|Any CPU.ActiveCfg = Debug|Any CPU
		{07BBAD5A-5DD5-9BC5-F356-A50085E5D6F4}.Debug|Any CPU.Build.0 = Debug|Any CPU
		{07BBAD5A-5DD5-9BC5-F356-A50085E5D6F4}.Release|Any CPU.ActiveCfg = Release|Any CPU
		{07BBAD5A-5DD5-9BC5-F356-A50085E5D6F4}.Release|Any CPU.Build.0 = Release|Any CPU
	EndGlobalSection
	GlobalSection(SolutionProperties) = preSolution
		HideSolutionNode = FALSE
	EndGlobalSection
																																																																																GlobalSection(MonoDevelopProperties) = preSolution
=======
																																																																																															GlobalSection(MonoDevelopProperties) = preSolution
>>>>>>> upstream/master
		StartupItem = Assembly-CSharp.csproj
		Policies = $0
		$0.TextStylePolicy = $1
		$1.inheritsSet = null
		$1.scope = text/x-csharp
		$0.CSharpFormattingPolicy = $2
		$2.inheritsSet = Mono
		$2.inheritsScope = text/x-csharp
		$2.scope = text/x-csharp
		$0.TextStylePolicy = $3
		$3.FileWidth = 120
		$3.TabWidth = 4
		$3.IndentWidth = 4
		$3.EolMarker = Unix
		$3.inheritsSet = Mono
		$3.inheritsScope = text/plain
		$3.scope = text/plain
	EndGlobalSection

EndGlobal
